
Microsoft Visual Studio Solution File, Format Version 12.00
# Visual Studio Version 16
VisualStudioVersion = 16.0.30204.135
MinimumVisualStudioVersion = 10.0.40219.1
Project("{FAE04EC0-301F-11D3-BF4B-00C04F79EFBC}") = "Auto File Renamer", "Auto File Renamer\Auto File Renamer.csproj", "{FFED7205-5DD4-4A36-BAB5-FC31F112FFB6}"
EndProject
Global
	GlobalSection(SolutionConfigurationPlatforms) = preSolution
		Debug|Any CPU = Debug|Any CPU
		Release|Any CPU = Release|Any CPU
	EndGlobalSection
	GlobalSection(ProjectConfigurationPlatforms) = postSolution
		{FFED7205-5DD4-4A36-BAB5-FC31F112FFB6}.Debug|Any CPU.ActiveCfg = Debug|Any CPU
		{FFED7205-5DD4-4A36-BAB5-FC31F112FFB6}.Debug|Any CPU.Build.0 = Debug|Any CPU
		{FFED7205-5DD4-4A36-BAB5-FC31F112FFB6}.Release|Any CPU.ActiveCfg = Release|Any CPU
		{FFED7205-5DD4-4A36-BAB5-FC31F112FFB6}.Release|Any CPU.Build.0 = Release|Any CPU
	EndGlobalSection
	GlobalSection(SolutionProperties) = preSolution
		HideSolutionNode = FALSE
	EndGlobalSection
	GlobalSection(ExtensibilityGlobals) = postSolution
		SolutionGuid = {372837A5-9904-443B-B080-8EB0C6A164C5}
	EndGlobalSection
EndGlobal
